
Microsoft Visual Studio Solution File, Format Version 12.00
# Visual Studio 15
VisualStudioVersion = 15.0.26430.6
MinimumVisualStudioVersion = 10.0.40219.1
Project("{FAE04EC0-301F-11D3-BF4B-00C04F79EFBC}") = "PowerMode", "PowerMode\PowerMode.csproj", "{2A2270B5-A044-4A7C-9DB6-80A9925983FA}"
EndProject
Project("{FAE04EC0-301F-11D3-BF4B-00C04F79EFBC}") = "PowerMode.Tests", "PowerMode.Tests\PowerMode.Tests.csproj", "{8A16D7CF-3872-47B2-9C9D-5B3BD7F9B975}"
EndProject
Global
	GlobalSection(SolutionConfigurationPlatforms) = preSolution
		Debug|Any CPU = Debug|Any CPU
		Release|Any CPU = Release|Any CPU
	EndGlobalSection
	GlobalSection(ProjectConfigurationPlatforms) = postSolution
		{2A2270B5-A044-4A7C-9DB6-80A9925983FA}.Debug|Any CPU.ActiveCfg = Debug|Any CPU
		{2A2270B5-A044-4A7C-9DB6-80A9925983FA}.Debug|Any CPU.Build.0 = Debug|Any CPU
		{2A2270B5-A044-4A7C-9DB6-80A9925983FA}.Release|Any CPU.ActiveCfg = Release|Any CPU
		{2A2270B5-A044-4A7C-9DB6-80A9925983FA}.Release|Any CPU.Build.0 = Release|Any CPU
		{8A16D7CF-3872-47B2-9C9D-5B3BD7F9B975}.Debug|Any CPU.ActiveCfg = Debug|Any CPU
		{8A16D7CF-3872-47B2-9C9D-5B3BD7F9B975}.Debug|Any CPU.Build.0 = Debug|Any CPU
		{8A16D7CF-3872-47B2-9C9D-5B3BD7F9B975}.Release|Any CPU.ActiveCfg = Release|Any CPU
		{8A16D7CF-3872-47B2-9C9D-5B3BD7F9B975}.Release|Any CPU.Build.0 = Release|Any CPU
	EndGlobalSection
	GlobalSection(SolutionProperties) = preSolution
		HideSolutionNode = FALSE
	EndGlobalSection
EndGlobal
